{
  "nodes": {
    "nixpkgs": {
      "locked": {
        "lastModified": 1728887412,
        "narHash": "sha256-EzL8Y7o0mpsAf9ZU1kkjIYnHEx9GNMWFd4b/oo6B8j8=",
        "owner": "NixOS",
        "repo": "nixpkgs",
        "rev": "0932441e91d13ea710cc60439fb006828d40350d",
        "type": "github"
      },
      "original": {
        "owner": "NixOS",
        "repo": "nixpkgs",
        "type": "github"
      }
    },
    "root": {
      "inputs": {
        "nixpkgs": "nixpkgs"
      }
    }
  },
  "root": "root",
  "version": 7
}
